// !$*UTF8*$!
{
	archiveVersion = 1;
	classes = {
	};
	objectVersion = 55;
	objects = {

/* Begin PBXBuildFile section */
		56403E0428AC7555005B08A6 /* VibrationSample.swift in Sources */ = {isa = PBXBuildFile; fileRef = 56403E0328AC7555005B08A6 /* VibrationSample.swift */; };
		5645205728321BE100FC078A /* SwiftUi_PlaygroundApp.swift in Sources */ = {isa = PBXBuildFile; fileRef = 5645205628321BE100FC078A /* SwiftUi_PlaygroundApp.swift */; };
		5645205928321BE100FC078A /* ContentView.swift in Sources */ = {isa = PBXBuildFile; fileRef = 5645205828321BE100FC078A /* ContentView.swift */; };
		5645205B28321BE300FC078A /* Assets.xcassets in Resources */ = {isa = PBXBuildFile; fileRef = 5645205A28321BE300FC078A /* Assets.xcassets */; };
		5645205E28321BE300FC078A /* Preview Assets.xcassets in Resources */ = {isa = PBXBuildFile; fileRef = 5645205D28321BE300FC078A /* Preview Assets.xcassets */; };
		5645206728321EBA00FC078A /* BalloonSample.swift in Sources */ = {isa = PBXBuildFile; fileRef = 5645206628321EBA00FC078A /* BalloonSample.swift */; };
		5645206928327DEF00FC078A /* PathSample.swift in Sources */ = {isa = PBXBuildFile; fileRef = 5645206828327DEF00FC078A /* PathSample.swift */; };
		56A0E7F0285E9EAB0020711D /* FontSample.swift in Sources */ = {isa = PBXBuildFile; fileRef = 56A0E7EF285E9EAB0020711D /* FontSample.swift */; };
		56C1A0C02861D7D4004F5544 /* TransitionSample.swift in Sources */ = {isa = PBXBuildFile; fileRef = 56C1A0BF2861D7D4004F5544 /* TransitionSample.swift */; };
		56F4854A28D8331500431CD7 /* LineChartView.swift in Sources */ = {isa = PBXBuildFile; fileRef = 56F4854928D8331500431CD7 /* LineChartView.swift */; };
		56F4854C28D833DA00431CD7 /* BarChartView.swift in Sources */ = {isa = PBXBuildFile; fileRef = 56F4854B28D833DA00431CD7 /* BarChartView.swift */; };
/* End PBXBuildFile section */

/* Begin PBXFileReference section */
		56403E0328AC7555005B08A6 /* VibrationSample.swift */ = {isa = PBXFileReference; lastKnownFileType = sourcecode.swift; path = VibrationSample.swift; sourceTree = "<group>"; };
		5645205328321BE100FC078A /* SwiftUi Playground.app */ = {isa = PBXFileReference; explicitFileType = wrapper.application; includeInIndex = 0; path = "SwiftUi Playground.app"; sourceTree = BUILT_PRODUCTS_DIR; };
		5645205628321BE100FC078A /* SwiftUi_PlaygroundApp.swift */ = {isa = PBXFileReference; lastKnownFileType = sourcecode.swift; path = SwiftUi_PlaygroundApp.swift; sourceTree = "<group>"; };
		5645205828321BE100FC078A /* ContentView.swift */ = {isa = PBXFileReference; lastKnownFileType = sourcecode.swift; path = ContentView.swift; sourceTree = "<group>"; };
		5645205A28321BE300FC078A /* Assets.xcassets */ = {isa = PBXFileReference; lastKnownFileType = folder.assetcatalog; path = Assets.xcassets; sourceTree = "<group>"; };
		5645205D28321BE300FC078A /* Preview Assets.xcassets */ = {isa = PBXFileReference; lastKnownFileType = folder.assetcatalog; path = "Preview Assets.xcassets"; sourceTree = "<group>"; };
		5645206628321EBA00FC078A /* BalloonSample.swift */ = {isa = PBXFileReference; lastKnownFileType = sourcecode.swift; path = BalloonSample.swift; sourceTree = "<group>"; };
		5645206828327DEF00FC078A /* PathSample.swift */ = {isa = PBXFileReference; lastKnownFileType = sourcecode.swift; path = PathSample.swift; sourceTree = "<group>"; };
		56A0E7EF285E9EAB0020711D /* FontSample.swift */ = {isa = PBXFileReference; lastKnownFileType = sourcecode.swift; path = FontSample.swift; sourceTree = "<group>"; };
		56C1A0BF2861D7D4004F5544 /* TransitionSample.swift */ = {isa = PBXFileReference; lastKnownFileType = sourcecode.swift; path = TransitionSample.swift; sourceTree = "<group>"; };
		56F4854928D8331500431CD7 /* LineChartView.swift */ = {isa = PBXFileReference; lastKnownFileType = sourcecode.swift; path = LineChartView.swift; sourceTree = "<group>"; };
		56F4854B28D833DA00431CD7 /* BarChartView.swift */ = {isa = PBXFileReference; lastKnownFileType = sourcecode.swift; path = BarChartView.swift; sourceTree = "<group>"; };
/* End PBXFileReference section */

/* Begin PBXFrameworksBuildPhase section */
		5645205028321BE100FC078A /* Frameworks */ = {
			isa = PBXFrameworksBuildPhase;
			buildActionMask = 2147483647;
			files = (
			);
			runOnlyForDeploymentPostprocessing = 0;
		};
/* End PBXFrameworksBuildPhase section */

/* Begin PBXGroup section */
		5645204A28321BE100FC078A = {
			isa = PBXGroup;
			children = (
				5645205528321BE100FC078A /* SwiftUi Playground */,
				5645205428321BE100FC078A /* Products */,
			);
			sourceTree = "<group>";
		};
		5645205428321BE100FC078A /* Products */ = {
			isa = PBXGroup;
			children = (
				5645205328321BE100FC078A /* SwiftUi Playground.app */,
			);
			name = Products;
			sourceTree = "<group>";
		};
		5645205528321BE100FC078A /* SwiftUi Playground */ = {
			isa = PBXGroup;
			children = (
				5645205A28321BE300FC078A /* Assets.xcassets */,
				5645205C28321BE300FC078A /* Preview Content */,
				5645205628321BE100FC078A /* SwiftUi_PlaygroundApp.swift */,
				5645205828321BE100FC078A /* ContentView.swift */,
				5645206628321EBA00FC078A /* BalloonSample.swift */,
				5645206828327DEF00FC078A /* PathSample.swift */,
				56A0E7EF285E9EAB0020711D /* FontSample.swift */,
				56C1A0BF2861D7D4004F5544 /* TransitionSample.swift */,
				56403E0328AC7555005B08A6 /* VibrationSample.swift */,
				56F4854928D8331500431CD7 /* LineChartView.swift */,
				56F4854B28D833DA00431CD7 /* BarChartView.swift */,
			);
			path = "SwiftUi Playground";
			sourceTree = "<group>";
		};
		5645205C28321BE300FC078A /* Preview Content */ = {
			isa = PBXGroup;
			children = (
				5645205D28321BE300FC078A /* Preview Assets.xcassets */,
			);
			path = "Preview Content";
			sourceTree = "<group>";
		};
/* End PBXGroup section */

/* Begin PBXNativeTarget section */
		5645205228321BE100FC078A /* SwiftUi Playground */ = {
			isa = PBXNativeTarget;
			buildConfigurationList = 5645206128321BE300FC078A /* Build configuration list for PBXNativeTarget "SwiftUi Playground" */;
			buildPhases = (
				5645204F28321BE100FC078A /* Sources */,
				5645205028321BE100FC078A /* Frameworks */,
				5645205128321BE100FC078A /* Resources */,
			);
			buildRules = (
			);
			dependencies = (
			);
			name = "SwiftUi Playground";
			productName = "SwiftUi Playground";
			productReference = 5645205328321BE100FC078A /* SwiftUi Playground.app */;
			productType = "com.apple.product-type.application";
		};
/* End PBXNativeTarget section */

/* Begin PBXProject section */
		5645204B28321BE100FC078A /* Project object */ = {
			isa = PBXProject;
			attributes = {
				BuildIndependentTargetsInParallel = 1;
				LastSwiftUpdateCheck = 1330;
				LastUpgradeCheck = 1330;
				TargetAttributes = {
					5645205228321BE100FC078A = {
						CreatedOnToolsVersion = 13.3.1;
					};
				};
			};
			buildConfigurationList = 5645204E28321BE100FC078A /* Build configuration list for PBXProject "SwiftUi Playground" */;
			compatibilityVersion = "Xcode 13.0";
			developmentRegion = en;
			hasScannedForEncodings = 0;
			knownRegions = (
				en,
				Base,
			);
			mainGroup = 5645204A28321BE100FC078A;
			productRefGroup = 5645205428321BE100FC078A /* Products */;
			projectDirPath = "";
			projectRoot = "";
			targets = (
				5645205228321BE100FC078A /* SwiftUi Playground */,
			);
		};
/* End PBXProject section */

/* Begin PBXResourcesBuildPhase section */
		5645205128321BE100FC078A /* Resources */ = {
			isa = PBXResourcesBuildPhase;
			buildActionMask = 2147483647;
			files = (
				5645205E28321BE300FC078A /* Preview Assets.xcassets in Resources */,
				5645205B28321BE300FC078A /* Assets.xcassets in Resources */,
			);
			runOnlyForDeploymentPostprocessing = 0;
		};
/* End PBXResourcesBuildPhase section */

/* Begin PBXSourcesBuildPhase section */
		5645204F28321BE100FC078A /* Sources */ = {
			isa = PBXSourcesBuildPhase;
			buildActionMask = 2147483647;
			files = (
				56A0E7F0285E9EAB0020711D /* FontSample.swift in Sources */,
				5645205928321BE100FC078A /* ContentView.swift in Sources */,
				56F4854A28D8331500431CD7 /* LineChartView.swift in Sources */,
				5645205728321BE100FC078A /* SwiftUi_PlaygroundApp.swift in Sources */,
				5645206928327DEF00FC078A /* PathSample.swift in Sources */,
				56F4854C28D833DA00431CD7 /* BarChartView.swift in Sources */,
				5645206728321EBA00FC078A /* BalloonSample.swift in Sources */,
				56403E0428AC7555005B08A6 /* VibrationSample.swift in Sources */,
				56C1A0C02861D7D4004F5544 /* TransitionSample.swift in Sources */,
			);
			runOnlyForDeploymentPostprocessing = 0;
		};
/* End PBXSourcesBuildPhase section */

/* Begin XCBuildConfiguration section */
		5645205F28321BE300FC078A /* Debug */ = {
			isa = XCBuildConfiguration;
			buildSettings = {
				ALWAYS_SEARCH_USER_PATHS = NO;
				CLANG_ANALYZER_NONNULL = YES;
				CLANG_ANALYZER_NUMBER_OBJECT_CONVERSION = YES_AGGRESSIVE;
				CLANG_CXX_LANGUAGE_STANDARD = "gnu++17";
				CLANG_ENABLE_MODULES = YES;
				CLANG_ENABLE_OBJC_ARC = YES;
				CLANG_ENABLE_OBJC_WEAK = YES;
				CLANG_WARN_BLOCK_CAPTURE_AUTORELEASING = YES;
				CLANG_WARN_BOOL_CONVERSION = YES;
				CLANG_WARN_COMMA = YES;
				CLANG_WARN_CONSTANT_CONVERSION = YES;
				CLANG_WARN_DEPRECATED_OBJC_IMPLEMENTATIONS = YES;
				CLANG_WARN_DIRECT_OBJC_ISA_USAGE = YES_ERROR;
				CLANG_WARN_DOCUMENTATION_COMMENTS = YES;
				CLANG_WARN_EMPTY_BODY = YES;
				CLANG_WARN_ENUM_CONVERSION = YES;
				CLANG_WARN_INFINITE_RECURSION = YES;
				CLANG_WARN_INT_CONVERSION = YES;
				CLANG_WARN_NON_LITERAL_NULL_CONVERSION = YES;
				CLANG_WARN_OBJC_IMPLICIT_RETAIN_SELF = YES;
				CLANG_WARN_OBJC_LITERAL_CONVERSION = YES;
				CLANG_WARN_OBJC_ROOT_CLASS = YES_ERROR;
				CLANG_WARN_QUOTED_INCLUDE_IN_FRAMEWORK_HEADER = YES;
				CLANG_WARN_RANGE_LOOP_ANALYSIS = YES;
				CLANG_WARN_STRICT_PROTOTYPES = YES;
				CLANG_WARN_SUSPICIOUS_MOVE = YES;
				CLANG_WARN_UNGUARDED_AVAILABILITY = YES_AGGRESSIVE;
				CLANG_WARN_UNREACHABLE_CODE = YES;
				CLANG_WARN__DUPLICATE_METHOD_MATCH = YES;
				COPY_PHASE_STRIP = NO;
				DEBUG_INFORMATION_FORMAT = dwarf;
				ENABLE_STRICT_OBJC_MSGSEND = YES;
				ENABLE_TESTABILITY = YES;
				GCC_C_LANGUAGE_STANDARD = gnu11;
				GCC_DYNAMIC_NO_PIC = NO;
				GCC_NO_COMMON_BLOCKS = YES;
				GCC_OPTIMIZATION_LEVEL = 0;
				GCC_PREPROCESSOR_DEFINITIONS = (
					"DEBUG=1",
					"$(inherited)",
				);
				GCC_WARN_64_TO_32_BIT_CONVERSION = YES;
				GCC_WARN_ABOUT_RETURN_TYPE = YES_ERROR;
				GCC_WARN_UNDECLARED_SELECTOR = YES;
				GCC_WARN_UNINITIALIZED_AUTOS = YES_AGGRESSIVE;
				GCC_WARN_UNUSED_FUNCTION = YES;
				GCC_WARN_UNUSED_VARIABLE = YES;
				IPHONEOS_DEPLOYMENT_TARGET = 15.4;
				MTL_ENABLE_DEBUG_INFO = INCLUDE_SOURCE;
				MTL_FAST_MATH = YES;
				ONLY_ACTIVE_ARCH = YES;
				SDKROOT = iphoneos;
				SWIFT_ACTIVE_COMPILATION_CONDITIONS = DEBUG;
				SWIFT_OPTIMIZATION_LEVEL = "-Onone";
			};
			name = Debug;
		};
		5645206028321BE300FC078A /* Release */ = {
			isa = XCBuildConfiguration;
			buildSettings = {
				ALWAYS_SEARCH_USER_PATHS = NO;
				CLANG_ANALYZER_NONNULL = YES;
				CLANG_ANALYZER_NUMBER_OBJECT_CONVERSION = YES_AGGRESSIVE;
				CLANG_CXX_LANGUAGE_STANDARD = "gnu++17";
				CLANG_ENABLE_MODULES = YES;
				CLANG_ENABLE_OBJC_ARC = YES;
				CLANG_ENABLE_OBJC_WEAK = YES;
				CLANG_WARN_BLOCK_CAPTURE_AUTORELEASING = YES;
				CLANG_WARN_BOOL_CONVERSION = YES;
				CLANG_WARN_COMMA = YES;
				CLANG_WARN_CONSTANT_CONVERSION = YES;
				CLANG_WARN_DEPRECATED_OBJC_IMPLEMENTATIONS = YES;
				CLANG_WARN_DIRECT_OBJC_ISA_USAGE = YES_ERROR;
				CLANG_WARN_DOCUMENTATION_COMMENTS = YES;
				CLANG_WARN_EMPTY_BODY = YES;
				CLANG_WARN_ENUM_CONVERSION = YES;
				CLANG_WARN_INFINITE_RECURSION = YES;
				CLANG_WARN_INT_CONVERSION = YES;
				CLANG_WARN_NON_LITERAL_NULL_CONVERSION = YES;
				CLANG_WARN_OBJC_IMPLICIT_RETAIN_SELF = YES;
				CLANG_WARN_OBJC_LITERAL_CONVERSION = YES;
				CLANG_WARN_OBJC_ROOT_CLASS = YES_ERROR;
				CLANG_WARN_QUOTED_INCLUDE_IN_FRAMEWORK_HEADER = YES;
				CLANG_WARN_RANGE_LOOP_ANALYSIS = YES;
				CLANG_WARN_STRICT_PROTOTYPES = YES;
				CLANG_WARN_SUSPICIOUS_MOVE = YES;
				CLANG_WARN_UNGUARDED_AVAILABILITY = YES_AGGRESSIVE;
				CLANG_WARN_UNREACHABLE_CODE = YES;
				CLANG_WARN__DUPLICATE_METHOD_MATCH = YES;
				COPY_PHASE_STRIP = NO;
				DEBUG_INFORMATION_FORMAT = "dwarf-with-dsym";
				ENABLE_NS_ASSERTIONS = NO;
				ENABLE_STRICT_OBJC_MSGSEND = YES;
				GCC_C_LANGUAGE_STANDARD = gnu11;
				GCC_NO_COMMON_BLOCKS = YES;
				GCC_WARN_64_TO_32_BIT_CONVERSION = YES;
				GCC_WARN_ABOUT_RETURN_TYPE = YES_ERROR;
				GCC_WARN_UNDECLARED_SELECTOR = YES;
				GCC_WARN_UNINITIALIZED_AUTOS = YES_AGGRESSIVE;
				GCC_WARN_UNUSED_FUNCTION = YES;
				GCC_WARN_UNUSED_VARIABLE = YES;
				IPHONEOS_DEPLOYMENT_TARGET = 15.4;
				MTL_ENABLE_DEBUG_INFO = NO;
				MTL_FAST_MATH = YES;
				SDKROOT = iphoneos;
				SWIFT_COMPILATION_MODE = wholemodule;
				SWIFT_OPTIMIZATION_LEVEL = "-O";
				VALIDATE_PRODUCT = YES;
			};
			name = Release;
		};
		5645206228321BE300FC078A /* Debug */ = {
			isa = XCBuildConfiguration;
			buildSettings = {
				ASSETCATALOG_COMPILER_APPICON_NAME = AppIcon;
				ASSETCATALOG_COMPILER_GLOBAL_ACCENT_COLOR_NAME = AccentColor;
				CODE_SIGN_STYLE = Automatic;
				CURRENT_PROJECT_VERSION = 1;
				DEVELOPMENT_ASSET_PATHS = "\"SwiftUi Playground/Preview Content\"";
				DEVELOPMENT_TEAM = 358F964YVR;
				ENABLE_PREVIEWS = YES;
				GENERATE_INFOPLIST_FILE = YES;
				INFOPLIST_KEY_UIApplicationSceneManifest_Generation = YES;
				INFOPLIST_KEY_UIApplicationSupportsIndirectInputEvents = YES;
				INFOPLIST_KEY_UILaunchScreen_Generation = YES;
				INFOPLIST_KEY_UISupportedInterfaceOrientations_iPad = "UIInterfaceOrientationPortrait UIInterfaceOrientationPortraitUpsideDown UIInterfaceOrientationLandscapeLeft UIInterfaceOrientationLandscapeRight";
				INFOPLIST_KEY_UISupportedInterfaceOrientations_iPhone = "UIInterfaceOrientationPortrait UIInterfaceOrientationLandscapeLeft UIInterfaceOrientationLandscapeRight";
				LD_RUNPATH_SEARCH_PATHS = (
					"$(inherited)",
					"@executable_path/Frameworks",
				);
				MARKETING_VERSION = 1.0;
				PRODUCT_BUNDLE_IDENTIFIER = "yko.SwiftUi-Playground";
				PRODUCT_NAME = "$(TARGET_NAME)";
				SWIFT_EMIT_LOC_STRINGS = YES;
				SWIFT_VERSION = 5.0;
				TARGETED_DEVICE_FAMILY = "1,2";
			};
			name = Debug;
		};
		5645206328321BE300FC078A /* Release */ = {
			isa = XCBuildConfiguration;
			buildSettings = {
				ASSETCATALOG_COMPILER_APPICON_NAME = AppIcon;
				ASSETCATALOG_COMPILER_GLOBAL_ACCENT_COLOR_NAME = AccentColor;
				CODE_SIGN_STYLE = Automatic;
				CURRENT_PROJECT_VERSION = 1;
				DEVELOPMENT_ASSET_PATHS = "\"SwiftUi Playground/Preview Content\"";
				DEVELOPMENT_TEAM = 358F964YVR;
				ENABLE_PREVIEWS = YES;
				GENERATE_INFOPLIST_FILE = YES;
				INFOPLIST_KEY_UIApplicationSceneManifest_Generation = YES;
				INFOPLIST_KEY_UIApplicationSupportsIndirectInputEvents = YES;
				INFOPLIST_KEY_UILaunchScreen_Generation = YES;
				INFOPLIST_KEY_UISupportedInterfaceOrientations_iPad = "UIInterfaceOrientationPortrait UIInterfaceOrientationPortraitUpsideDown UIInterfaceOrientationLandscapeLeft UIInterfaceOrientationLandscapeRight";
				INFOPLIST_KEY_UISupportedInterfaceOrientations_iPhone = "UIInterfaceOrientationPortrait UIInterfaceOrientationLandscapeLeft UIInterfaceOrientationLandscapeRight";
				LD_RUNPATH_SEARCH_PATHS = (
					"$(inherited)",
					"@executable_path/Frameworks",
				);
				MARKETING_VERSION = 1.0;
				PRODUCT_BUNDLE_IDENTIFIER = "yko.SwiftUi-Playground";
				PRODUCT_NAME = "$(TARGET_NAME)";
				SWIFT_EMIT_LOC_STRINGS = YES;
				SWIFT_VERSION = 5.0;
				TARGETED_DEVICE_FAMILY = "1,2";
			};
			name = Release;
		};
/* End XCBuildConfiguration section */

/* Begin XCConfigurationList section */
		5645204E28321BE100FC078A /* Build configuration list for PBXProject "SwiftUi Playground" */ = {
			isa = XCConfigurationList;
			buildConfigurations = (
				5645205F28321BE300FC078A /* Debug */,
				5645206028321BE300FC078A /* Release */,
			);
			defaultConfigurationIsVisible = 0;
			defaultConfigurationName = Release;
		};
		5645206128321BE300FC078A /* Build configuration list for PBXNativeTarget "SwiftUi Playground" */ = {
			isa = XCConfigurationList;
			buildConfigurations = (
				5645206228321BE300FC078A /* Debug */,
				5645206328321BE300FC078A /* Release */,
			);
			defaultConfigurationIsVisible = 0;
			defaultConfigurationName = Release;
		};
/* End XCConfigurationList section */
	};
	rootObject = 5645204B28321BE100FC078A /* Project object */;
}
